// !$*UTF8*$!
{
	archiveVersion = 1;
	classes = {
	};
	objectVersion = 46;
	objects = {

/* Begin PBXBuildFile section */
		49B767201EA5B4AC0021D89A /* AppDelegate.swift in Sources */ = {isa = PBXBuildFile; fileRef = 49B7671F1EA5B4AC0021D89A /* AppDelegate.swift */; };
		49B767221EA5B4AD0021D89A /* GameScene.sks in Resources */ = {isa = PBXBuildFile; fileRef = 49B767211EA5B4AD0021D89A /* GameScene.sks */; };
		49B767241EA5B4AD0021D89A /* Actions.sks in Resources */ = {isa = PBXBuildFile; fileRef = 49B767231EA5B4AD0021D89A /* Actions.sks */; };
		49B767261EA5B4AD0021D89A /* GameScene.swift in Sources */ = {isa = PBXBuildFile; fileRef = 49B767251EA5B4AD0021D89A /* GameScene.swift */; };
		49B767281EA5B4AD0021D89A /* GameViewController.swift in Sources */ = {isa = PBXBuildFile; fileRef = 49B767271EA5B4AD0021D89A /* GameViewController.swift */; };
		49B7672B1EA5B4AE0021D89A /* Main.storyboard in Resources */ = {isa = PBXBuildFile; fileRef = 49B767291EA5B4AE0021D89A /* Main.storyboard */; };
		49B7672D1EA5B4AE0021D89A /* Assets.xcassets in Resources */ = {isa = PBXBuildFile; fileRef = 49B7672C1EA5B4AE0021D89A /* Assets.xcassets */; };
		49B767301EA5B4AE0021D89A /* LaunchScreen.storyboard in Resources */ = {isa = PBXBuildFile; fileRef = 49B7672E1EA5B4AE0021D89A /* LaunchScreen.storyboard */; };
/* End PBXBuildFile section */

/* Begin PBXFileReference section */
		49B7671C1EA5B4AB0021D89A /* Septagon.app */ = {isa = PBXFileReference; explicitFileType = wrapper.application; includeInIndex = 0; path = Septagon.app; sourceTree = BUILT_PRODUCTS_DIR; };
		49B7671F1EA5B4AC0021D89A /* AppDelegate.swift */ = {isa = PBXFileReference; lastKnownFileType = sourcecode.swift; path = AppDelegate.swift; sourceTree = "<group>"; };
		49B767211EA5B4AD0021D89A /* GameScene.sks */ = {isa = PBXFileReference; lastKnownFileType = file.sks; path = GameScene.sks; sourceTree = "<group>"; };
		49B767231EA5B4AD0021D89A /* Actions.sks */ = {isa = PBXFileReference; lastKnownFileType = file.sks; path = Actions.sks; sourceTree = "<group>"; };
		49B767251EA5B4AD0021D89A /* GameScene.swift */ = {isa = PBXFileReference; lastKnownFileType = sourcecode.swift; path = GameScene.swift; sourceTree = "<group>"; };
		49B767271EA5B4AD0021D89A /* GameViewController.swift */ = {isa = PBXFileReference; lastKnownFileType = sourcecode.swift; path = GameViewController.swift; sourceTree = "<group>"; };
		49B7672A1EA5B4AE0021D89A /* Base */ = {isa = PBXFileReference; lastKnownFileType = file.storyboard; name = Base; path = Base.lproj/Main.storyboard; sourceTree = "<group>"; };
		49B7672C1EA5B4AE0021D89A /* Assets.xcassets */ = {isa = PBXFileReference; lastKnownFileType = folder.assetcatalog; path = Assets.xcassets; sourceTree = "<group>"; };
		49B7672F1EA5B4AE0021D89A /* Base */ = {isa = PBXFileReference; lastKnownFileType = file.storyboard; name = Base; path = Base.lproj/LaunchScreen.storyboard; sourceTree = "<group>"; };
		49B767311EA5B4AE0021D89A /* Info.plist */ = {isa = PBXFileReference; lastKnownFileType = text.plist.xml; path = Info.plist; sourceTree = "<group>"; };
/* End PBXFileReference section */

/* Begin PBXFrameworksBuildPhase section */
		49B767191EA5B4AB0021D89A /* Frameworks */ = {
			isa = PBXFrameworksBuildPhase;
			buildActionMask = 2147483647;
			files = (
			);
			runOnlyForDeploymentPostprocessing = 0;
		};
/* End PBXFrameworksBuildPhase section */

/* Begin PBXGroup section */
		49B767131EA5B4AA0021D89A = {
			isa = PBXGroup;
			children = (
				49B7671E1EA5B4AC0021D89A /* Septagon */,
				49B7671D1EA5B4AB0021D89A /* Products */,
			);
			sourceTree = "<group>";
		};
		49B7671D1EA5B4AB0021D89A /* Products */ = {
			isa = PBXGroup;
			children = (
				49B7671C1EA5B4AB0021D89A /* Septagon.app */,
			);
			name = Products;
			sourceTree = "<group>";
		};
		49B7671E1EA5B4AC0021D89A /* Septagon */ = {
			isa = PBXGroup;
			children = (
				49B7671F1EA5B4AC0021D89A /* AppDelegate.swift */,
				49B767211EA5B4AD0021D89A /* GameScene.sks */,
				49B767231EA5B4AD0021D89A /* Actions.sks */,
				49B767251EA5B4AD0021D89A /* GameScene.swift */,
				49B767271EA5B4AD0021D89A /* GameViewController.swift */,
				49B767291EA5B4AE0021D89A /* Main.storyboard */,
				49B7672C1EA5B4AE0021D89A /* Assets.xcassets */,
				49B7672E1EA5B4AE0021D89A /* LaunchScreen.storyboard */,
				49B767311EA5B4AE0021D89A /* Info.plist */,
			);
			path = Septagon;
			sourceTree = "<group>";
		};
/* End PBXGroup section */

/* Begin PBXNativeTarget section */
		49B7671B1EA5B4AB0021D89A /* Septagon */ = {
			isa = PBXNativeTarget;
			buildConfigurationList = 49B767341EA5B4AE0021D89A /* Build configuration list for PBXNativeTarget "Septagon" */;
			buildPhases = (
				49B767181EA5B4AB0021D89A /* Sources */,
				49B767191EA5B4AB0021D89A /* Frameworks */,
				49B7671A1EA5B4AB0021D89A /* Resources */,
			);
			buildRules = (
			);
			dependencies = (
			);
			name = Septagon;
			productName = Septagon;
			productReference = 49B7671C1EA5B4AB0021D89A /* Septagon.app */;
			productType = "com.apple.product-type.application";
		};
/* End PBXNativeTarget section */

/* Begin PBXProject section */
		49B767141EA5B4AA0021D89A /* Project object */ = {
			isa = PBXProject;
			attributes = {
				LastSwiftUpdateCheck = 0820;
				LastUpgradeCheck = 0820;
				ORGANIZATIONNAME = ParanoidPenguinProductions;
				TargetAttributes = {
					49B7671B1EA5B4AB0021D89A = {
						CreatedOnToolsVersion = 8.2.1;
						DevelopmentTeam = FV58CK5TAD;
						ProvisioningStyle = Automatic;
					};
				};
			};
			buildConfigurationList = 49B767171EA5B4AB0021D89A /* Build configuration list for PBXProject "Septagon" */;
			compatibilityVersion = "Xcode 3.2";
			developmentRegion = English;
			hasScannedForEncodings = 0;
			knownRegions = (
				en,
				Base,
			);
			mainGroup = 49B767131EA5B4AA0021D89A;
			productRefGroup = 49B7671D1EA5B4AB0021D89A /* Products */;
			projectDirPath = "";
			projectRoot = "";
			targets = (
				49B7671B1EA5B4AB0021D89A /* Septagon */,
			);
		};
/* End PBXProject section */

/* Begin PBXResourcesBuildPhase section */
		49B7671A1EA5B4AB0021D89A /* Resources */ = {
			isa = PBXResourcesBuildPhase;
			buildActionMask = 2147483647;
			files = (
				49B7672B1EA5B4AE0021D89A /* Main.storyboard in Resources */,
				49B767221EA5B4AD0021D89A /* GameScene.sks in Resources */,
				49B7672D1EA5B4AE0021D89A /* Assets.xcassets in Resources */,
				49B767301EA5B4AE0021D89A /* LaunchScreen.storyboard in Resources */,
				49B767241EA5B4AD0021D89A /* Actions.sks in Resources */,
			);
			runOnlyForDeploymentPostprocessing = 0;
		};
/* End PBXResourcesBuildPhase section */

/* Begin PBXSourcesBuildPhase section */
		49B767181EA5B4AB0021D89A /* Sources */ = {
			isa = PBXSourcesBuildPhase;
			buildActionMask = 2147483647;
			files = (
				49B767261EA5B4AD0021D89A /* GameScene.swift in Sources */,
				49B767281EA5B4AD0021D89A /* GameViewController.swift in Sources */,
				49B767201EA5B4AC0021D89A /* AppDelegate.swift in Sources */,
			);
			runOnlyForDeploymentPostprocessing = 0;
		};
/* End PBXSourcesBuildPhase section */

/* Begin PBXVariantGroup section */
		49B767291EA5B4AE0021D89A /* Main.storyboard */ = {
			isa = PBXVariantGroup;
			children = (
				49B7672A1EA5B4AE0021D89A /* Base */,
			);
			name = Main.storyboard;
			sourceTree = "<group>";
		};
		49B7672E1EA5B4AE0021D89A /* LaunchScreen.storyboard */ = {
			isa = PBXVariantGroup;
			children = (
				49B7672F1EA5B4AE0021D89A /* Base */,
			);
			name = LaunchScreen.storyboard;
			sourceTree = "<group>";
		};
/* End PBXVariantGroup section */

/* Begin XCBuildConfiguration section */
		49B767321EA5B4AE0021D89A /* Debug */ = {
			isa = XCBuildConfiguration;
			buildSettings = {
				ALWAYS_SEARCH_USER_PATHS = NO;
				CLANG_ANALYZER_NONNULL = YES;
				CLANG_CXX_LANGUAGE_STANDARD = "gnu++0x";
				CLANG_CXX_LIBRARY = "libc++";
				CLANG_ENABLE_MODULES = YES;
				CLANG_ENABLE_OBJC_ARC = YES;
				CLANG_WARN_BOOL_CONVERSION = YES;
				CLANG_WARN_CONSTANT_CONVERSION = YES;
				CLANG_WARN_DIRECT_OBJC_ISA_USAGE = YES_ERROR;
				CLANG_WARN_DOCUMENTATION_COMMENTS = YES;
				CLANG_WARN_EMPTY_BODY = YES;
				CLANG_WARN_ENUM_CONVERSION = YES;
				CLANG_WARN_INFINITE_RECURSION = YES;
				CLANG_WARN_INT_CONVERSION = YES;
				CLANG_WARN_OBJC_ROOT_CLASS = YES_ERROR;
				CLANG_WARN_SUSPICIOUS_MOVE = YES;
				CLANG_WARN_UNREACHABLE_CODE = YES;
				CLANG_WARN__DUPLICATE_METHOD_MATCH = YES;
				"CODE_SIGN_IDENTITY[sdk=iphoneos*]" = "iPhone Developer";
				COPY_PHASE_STRIP = NO;
				DEBUG_INFORMATION_FORMAT = dwarf;
				ENABLE_STRICT_OBJC_MSGSEND = YES;
				ENABLE_TESTABILITY = YES;
				GCC_C_LANGUAGE_STANDARD = gnu99;
				GCC_DYNAMIC_NO_PIC = NO;
				GCC_NO_COMMON_BLOCKS = YES;
				GCC_OPTIMIZATION_LEVEL = 0;
				GCC_PREPROCESSOR_DEFINITIONS = (
					"DEBUG=1",
					"$(inherited)",
				);
				GCC_WARN_64_TO_32_BIT_CONVERSION = YES;
				GCC_WARN_ABOUT_RETURN_TYPE = YES_ERROR;
				GCC_WARN_UNDECLARED_SELECTOR = YES;
				GCC_WARN_UNINITIALIZED_AUTOS = YES_AGGRESSIVE;
				GCC_WARN_UNUSED_FUNCTION = YES;
				GCC_WARN_UNUSED_VARIABLE = YES;
				IPHONEOS_DEPLOYMENT_TARGET = 10.2;
				MTL_ENABLE_DEBUG_INFO = YES;
				ONLY_ACTIVE_ARCH = YES;
				SDKROOT = iphoneos;
				SWIFT_ACTIVE_COMPILATION_CONDITIONS = DEBUG;
				SWIFT_OPTIMIZATION_LEVEL = "-Onone";
			};
			name = Debug;
		};
		49B767331EA5B4AE0021D89A /* Release */ = {
			isa = XCBuildConfiguration;
			buildSettings = {
				ALWAYS_SEARCH_USER_PATHS = NO;
				CLANG_ANALYZER_NONNULL = YES;
				CLANG_CXX_LANGUAGE_STANDARD = "gnu++0x";
				CLANG_CXX_LIBRARY = "libc++";
				CLANG_ENABLE_MODULES = YES;
				CLANG_ENABLE_OBJC_ARC = YES;
				CLANG_WARN_BOOL_CONVERSION = YES;
				CLANG_WARN_CONSTANT_CONVERSION = YES;
				CLANG_WARN_DIRECT_OBJC_ISA_USAGE = YES_ERROR;
				CLANG_WARN_DOCUMENTATION_COMMENTS = YES;
				CLANG_WARN_EMPTY_BODY = YES;
				CLANG_WARN_ENUM_CONVERSION = YES;
				CLANG_WARN_INFINITE_RECURSION = YES;
				CLANG_WARN_INT_CONVERSION = YES;
				CLANG_WARN_OBJC_ROOT_CLASS = YES_ERROR;
				CLANG_WARN_SUSPICIOUS_MOVE = YES;
				CLANG_WARN_UNREACHABLE_CODE = YES;
				CLANG_WARN__DUPLICATE_METHOD_MATCH = YES;
				"CODE_SIGN_IDENTITY[sdk=iphoneos*]" = "iPhone Developer";
				COPY_PHASE_STRIP = NO;
				DEBUG_INFORMATION_FORMAT = "dwarf-with-dsym";
				ENABLE_NS_ASSERTIONS = NO;
				ENABLE_STRICT_OBJC_MSGSEND = YES;
				GCC_C_LANGUAGE_STANDARD = gnu99;
				GCC_NO_COMMON_BLOCKS = YES;
				GCC_WARN_64_TO_32_BIT_CONVERSION = YES;
				GCC_WARN_ABOUT_RETURN_TYPE = YES_ERROR;
				GCC_WARN_UNDECLARED_SELECTOR = YES;
				GCC_WARN_UNINITIALIZED_AUTOS = YES_AGGRESSIVE;
				GCC_WARN_UNUSED_FUNCTION = YES;
				GCC_WARN_UNUSED_VARIABLE = YES;
				IPHONEOS_DEPLOYMENT_TARGET = 10.2;
				MTL_ENABLE_DEBUG_INFO = NO;
				SDKROOT = iphoneos;
				SWIFT_OPTIMIZATION_LEVEL = "-Owholemodule";
				VALIDATE_PRODUCT = YES;
			};
			name = Release;
		};
		49B767351EA5B4AE0021D89A /* Debug */ = {
			isa = XCBuildConfiguration;
			buildSettings = {
				ASSETCATALOG_COMPILER_APPICON_NAME = AppIcon;
				DEVELOPMENT_TEAM = FV58CK5TAD;
				INFOPLIST_FILE = Septagon/Info.plist;
				LD_RUNPATH_SEARCH_PATHS = "$(inherited) @executable_path/Frameworks";
				PRODUCT_BUNDLE_IDENTIFIER = com.ParanoidPenguinProductions.Septagon;
				PRODUCT_NAME = "$(TARGET_NAME)";
				SWIFT_VERSION = 3.0;
			};
			name = Debug;
		};
		49B767361EA5B4AE0021D89A /* Release */ = {
			isa = XCBuildConfiguration;
			buildSettings = {
				ASSETCATALOG_COMPILER_APPICON_NAME = AppIcon;
				DEVELOPMENT_TEAM = FV58CK5TAD;
				INFOPLIST_FILE = Septagon/Info.plist;
				LD_RUNPATH_SEARCH_PATHS = "$(inherited) @executable_path/Frameworks";
				PRODUCT_BUNDLE_IDENTIFIER = com.ParanoidPenguinProductions.Septagon;
				PRODUCT_NAME = "$(TARGET_NAME)";
				SWIFT_VERSION = 3.0;
			};
			name = Release;
		};
/* End XCBuildConfiguration section */

/* Begin XCConfigurationList section */
		49B767171EA5B4AB0021D89A /* Build configuration list for PBXProject "Septagon" */ = {
			isa = XCConfigurationList;
			buildConfigurations = (
				49B767321EA5B4AE0021D89A /* Debug */,
				49B767331EA5B4AE0021D89A /* Release */,
			);
			defaultConfigurationIsVisible = 0;
			defaultConfigurationName = Release;
		};
		49B767341EA5B4AE0021D89A /* Build configuration list for PBXNativeTarget "Septagon" */ = {
			isa = XCConfigurationList;
			buildConfigurations = (
				49B767351EA5B4AE0021D89A /* Debug */,
				49B767361EA5B4AE0021D89A /* Release */,
			);
			defaultConfigurationIsVisible = 0;
		};
/* End XCConfigurationList section */
	};
	rootObject = 49B767141EA5B4AA0021D89A /* Project object */;
}
